
Microsoft Visual Studio Solution File, Format Version 12.00
# Visual Studio Version 17
VisualStudioVersion = 17.6.33801.468
MinimumVisualStudioVersion = 10.0.40219.1
Project("{9A19103F-16F7-4668-BE54-9A1E7A4F7556}") = "Srt", "Srt\Srt.csproj", "{3C713B19-9E83-43FF-85EC-11FD5D85EE06}"
EndProject
Project("{FAE04EC0-301F-11D3-BF4B-00C04F79EFBC}") = "Srt.Test", "SrtTest\Srt.Test.csproj", "{78086621-9D30-4F38-A890-F4213EBD2F9C}"
EndProject
Global
	GlobalSection(SolutionConfigurationPlatforms) = preSolution
		Debug|Any CPU = Debug|Any CPU
		Release|Any CPU = Release|Any CPU
	EndGlobalSection
	GlobalSection(ProjectConfigurationPlatforms) = postSolution
		{3C713B19-9E83-43FF-85EC-11FD5D85EE06}.Debug|Any CPU.ActiveCfg = Debug|Any CPU
		{3C713B19-9E83-43FF-85EC-11FD5D85EE06}.Debug|Any CPU.Build.0 = Debug|Any CPU
		{3C713B19-9E83-43FF-85EC-11FD5D85EE06}.Release|Any CPU.ActiveCfg = Release|Any CPU
		{3C713B19-9E83-43FF-85EC-11FD5D85EE06}.Release|Any CPU.Build.0 = Release|Any CPU
		{78086621-9D30-4F38-A890-F4213EBD2F9C}.Debug|Any CPU.ActiveCfg = Debug|Any CPU
		{78086621-9D30-4F38-A890-F4213EBD2F9C}.Debug|Any CPU.Build.0 = Debug|Any CPU
		{78086621-9D30-4F38-A890-F4213EBD2F9C}.Release|Any CPU.ActiveCfg = Release|Any CPU
		{78086621-9D30-4F38-A890-F4213EBD2F9C}.Release|Any CPU.Build.0 = Release|Any CPU
	EndGlobalSection
	GlobalSection(SolutionProperties) = preSolution
		HideSolutionNode = FALSE
	EndGlobalSection
	GlobalSection(ExtensibilityGlobals) = postSolution
		SolutionGuid = {5A2C60C4-0F19-45FC-8C85-7C9BAABA8539}
	EndGlobalSection
EndGlobal
