
Microsoft Visual Studio Solution File, Format Version 12.00
# Visual Studio Version 17
VisualStudioVersion = 17.6.33801.468
MinimumVisualStudioVersion = 10.0.40219.1
Project("{54A90642-561A-4BB1-A94E-469ADEE60C69}") = "zadania", "zadania\zadania.esproj", "{C193DA7A-73D6-43CA-BF11-4102735EA271}"
EndProject
Global
	GlobalSection(SolutionConfigurationPlatforms) = preSolution
		Debug|Any CPU = Debug|Any CPU
		Release|Any CPU = Release|Any CPU
	EndGlobalSection
	GlobalSection(ProjectConfigurationPlatforms) = postSolution
		{C193DA7A-73D6-43CA-BF11-4102735EA271}.Debug|Any CPU.ActiveCfg = Debug|Any CPU
		{C193DA7A-73D6-43CA-BF11-4102735EA271}.Debug|Any CPU.Build.0 = Debug|Any CPU
		{C193DA7A-73D6-43CA-BF11-4102735EA271}.Debug|Any CPU.Deploy.0 = Debug|Any CPU
		{C193DA7A-73D6-43CA-BF11-4102735EA271}.Release|Any CPU.ActiveCfg = Release|Any CPU
		{C193DA7A-73D6-43CA-BF11-4102735EA271}.Release|Any CPU.Build.0 = Release|Any CPU
		{C193DA7A-73D6-43CA-BF11-4102735EA271}.Release|Any CPU.Deploy.0 = Release|Any CPU
	EndGlobalSection
	GlobalSection(SolutionProperties) = preSolution
		HideSolutionNode = FALSE
	EndGlobalSection
	GlobalSection(ExtensibilityGlobals) = postSolution
		SolutionGuid = {13AF7499-10C4-4EF0-96B5-A5ECA3F18105}
	EndGlobalSection
EndGlobal
