
Microsoft Visual Studio Solution File, Format Version 12.00
# Visual Studio Version 17
VisualStudioVersion = 17.6.33801.468
MinimumVisualStudioVersion = 10.0.40219.1
Project("{54A90642-561A-4BB1-A94E-469ADEE60C69}") = "reactapp", "reactapp\reactapp.esproj", "{B70723D4-1BF4-4F18-A679-35AB215942F4}"
EndProject
Project("{9A19103F-16F7-4668-BE54-9A1E7A4F7556}") = "webapi", "webapi\webapi.csproj", "{C4083CA1-3066-4140-AE98-0E1F2501C974}"
EndProject
Global
	GlobalSection(SolutionConfigurationPlatforms) = preSolution
		Debug|Any CPU = Debug|Any CPU
		Release|Any CPU = Release|Any CPU
	EndGlobalSection
	GlobalSection(ProjectConfigurationPlatforms) = postSolution
		{B70723D4-1BF4-4F18-A679-35AB215942F4}.Debug|Any CPU.ActiveCfg = Debug|Any CPU
		{B70723D4-1BF4-4F18-A679-35AB215942F4}.Debug|Any CPU.Build.0 = Debug|Any CPU
		{B70723D4-1BF4-4F18-A679-35AB215942F4}.Debug|Any CPU.Deploy.0 = Debug|Any CPU
		{B70723D4-1BF4-4F18-A679-35AB215942F4}.Release|Any CPU.ActiveCfg = Release|Any CPU
		{B70723D4-1BF4-4F18-A679-35AB215942F4}.Release|Any CPU.Build.0 = Release|Any CPU
		{B70723D4-1BF4-4F18-A679-35AB215942F4}.Release|Any CPU.Deploy.0 = Release|Any CPU
		{C4083CA1-3066-4140-AE98-0E1F2501C974}.Debug|Any CPU.ActiveCfg = Debug|Any CPU
		{C4083CA1-3066-4140-AE98-0E1F2501C974}.Debug|Any CPU.Build.0 = Debug|Any CPU
		{C4083CA1-3066-4140-AE98-0E1F2501C974}.Release|Any CPU.ActiveCfg = Release|Any CPU
		{C4083CA1-3066-4140-AE98-0E1F2501C974}.Release|Any CPU.Build.0 = Release|Any CPU
	EndGlobalSection
	GlobalSection(SolutionProperties) = preSolution
		HideSolutionNode = FALSE
	EndGlobalSection
	GlobalSection(ExtensibilityGlobals) = postSolution
		SolutionGuid = {31A41EA1-F60C-4D33-A0CB-F849CDAAE04E}
	EndGlobalSection
EndGlobal
